
Microsoft Visual Studio Solution File, Format Version 12.00
# Visual Studio Version 17
VisualStudioVersion = 17.14.37502.11 d17.14
MinimumVisualStudioVersion = 10.0.40219.1
Project("{FAE04EC0-301F-11D3-BF4B-00C04F79EFBC}") = "ModelValidationsExample", "ModelValidationsExample\ModelValidationsExample.csproj", "{DDEC26F1-C806-4DE1-928B-DDE66D39FFBD}"
EndProject
Global
	GlobalSection(SolutionConfigurationPlatforms) = preSolution
		Debug|Any CPU = Debug|Any CPU
		Release|Any CPU = Release|Any CPU
	EndGlobalSection
	GlobalSection(ProjectConfigurationPlatforms) = postSolution
		{DDEC26F1-C806-4DE1-928B-DDE66D39FFBD}.Debug|Any CPU.ActiveCfg = Debug|Any CPU
		{DDEC26F1-C806-4DE1-928B-DDE66D39FFBD}.Debug|Any CPU.Build.0 = Debug|Any CPU
		{DDEC26F1-C806-4DE1-928B-DDE66D39FFBD}.Release|Any CPU.ActiveCfg = Release|Any CPU
		{DDEC26F1-C806-4DE1-928B-DDE66D39FFBD}.Release|Any CPU.Build.0 = Release|Any CPU
	EndGlobalSection
	GlobalSection(SolutionProperties) = preSolution
		HideSolutionNode = FALSE
	EndGlobalSection
	GlobalSection(ExtensibilityGlobals) = postSolution
		SolutionGuid = {FB7FF7D6-90BE-46A6-8DF2-87EECBF5109B}
	EndGlobalSection
EndGlobal
